
Microsoft Visual Studio Solution File, Format Version 12.00
# Visual Studio Version 17
VisualStudioVersion = 17.8.34408.163
MinimumVisualStudioVersion = 10.0.40219.1
Project("{2150E333-8FDC-42A3-9474-1A3956D46DE8}") = "Services", "Services", "{796A323D-85FD-438A-8943-B10AB2635D83}"
EndProject
Project("{2150E333-8FDC-42A3-9474-1A3956D46DE8}") = "Catalog", "Catalog", "{9C8260B8-1119-4B41-B4D9-172E833B077C}"
EndProject
Project("{9A19103F-16F7-4668-BE54-9A1E7A4F7556}") = "Catalog.API", "Services\Catalog\Catalog.API\Catalog.API.csproj", "{AA31581A-F7AF-46EC-B98C-3C2C65266EBD}"
EndProject
Project("{E53339B2-1760-4266-BCC7-CA923CBCF16C}") = "docker-compose", "docker-compose.dcproj", "{EDE2BDC2-032C-49D1-B591-D1A0D9AC5058}"
EndProject
Global
	GlobalSection(SolutionConfigurationPlatforms) = preSolution
		Debug|Any CPU = Debug|Any CPU
		Release|Any CPU = Release|Any CPU
	EndGlobalSection
	GlobalSection(ProjectConfigurationPlatforms) = postSolution
		{AA31581A-F7AF-46EC-B98C-3C2C65266EBD}.Debug|Any CPU.ActiveCfg = Debug|Any CPU
		{AA31581A-F7AF-46EC-B98C-3C2C65266EBD}.Debug|Any CPU.Build.0 = Debug|Any CPU
		{AA31581A-F7AF-46EC-B98C-3C2C65266EBD}.Release|Any CPU.ActiveCfg = Release|Any CPU
		{AA31581A-F7AF-46EC-B98C-3C2C65266EBD}.Release|Any CPU.Build.0 = Release|Any CPU
		{EDE2BDC2-032C-49D1-B591-D1A0D9AC5058}.Debug|Any CPU.ActiveCfg = Debug|Any CPU
		{EDE2BDC2-032C-49D1-B591-D1A0D9AC5058}.Debug|Any CPU.Build.0 = Debug|Any CPU
		{EDE2BDC2-032C-49D1-B591-D1A0D9AC5058}.Release|Any CPU.ActiveCfg = Release|Any CPU
		{EDE2BDC2-032C-49D1-B591-D1A0D9AC5058}.Release|Any CPU.Build.0 = Release|Any CPU
	EndGlobalSection
	GlobalSection(SolutionProperties) = preSolution
		HideSolutionNode = FALSE
	EndGlobalSection
	GlobalSection(NestedProjects) = preSolution
		{9C8260B8-1119-4B41-B4D9-172E833B077C} = {796A323D-85FD-438A-8943-B10AB2635D83}
		{AA31581A-F7AF-46EC-B98C-3C2C65266EBD} = {9C8260B8-1119-4B41-B4D9-172E833B077C}
	EndGlobalSection
	GlobalSection(ExtensibilityGlobals) = postSolution
		SolutionGuid = {F1AA529D-7AD8-4762-82DB-394FAB31461D}
	EndGlobalSection
EndGlobal
